<?xml version="1.0" encoding="utf-8"?>
<Project ToolsVersion="4.0" xmlns="http://schemas.microsoft.com/developer/msbuild/2003">
  <ItemGroup>
    <Filter Include="Source Files">
      <UniqueIdentifier>{4FC737F1-C7A5-4376-A066-2A32D752A2FF}</UniqueIdentifier>
      <Extensions>cpp;c;cc;cxx;def;odl;idl;hpj;bat;asm;asmx</Extensions>
    </Filter>
    <Filter Include="Header Files">
      <UniqueIdentifier>{93995380-89BD-4b04-88EB-625FBE52EBFB}</UniqueIdentifier>
      <Extensions>h;hh;hpp;hxx;hm;inl;inc;xsd</Extensions>
    </Filter>
    <Filter Include="Resource Files">
      <UniqueIdentifier>{67DA6AB6-F800-4c08-8B7A-83BB121AAD01}</UniqueIdentifier>
      <Extensions>rc;ico;cur;bmp;dlg;rc2;rct;bin;rgs;gif;jpg;jpeg;jpe;resx;tiff;tif;png;wav;mfcribbon-ms</Extensions>
    </Filter>
    <Filter Include="Generated Files">
      <UniqueIdentifier>{e6c6558d-58f9-46f0-b504-ec359a1e88f7}</UniqueIdentifier>
      <SourceControlFiles>False</SourceControlFiles>
    </Filter>
  </ItemGroup>
  <ItemGroup>
    <ClCompile Include="stdafx.cpp">
      <Filter>Source Files</Filter>
    </ClCompile>
    <ClCompile Include="ContextIcons.cpp">
      <Filter>Source Files</Filter>
    </ClCompile>
    <ClCompile Include="dllmain.cpp">
      <Filter>Source Files</Filter>
    </ClCompile>
    <ClCompile Include="ContextIcons_i.c">
      <Filter>Generated Files</Filter>
    </ClCompile>
    <ClCompile Include="IconInjector.cpp">
      <Filter>Source Files</Filter>
    </ClCompile>
  </ItemGroup>
  <ItemGroup>
    <ClInclude Include="stdafx.h">
      <Filter>Header Files</Filter>
    </ClInclude>
    <ClInclude Include="targetver.h">
      <Filter>Header Files</Filter>
    </ClInclude>
    <ClInclude Include="Resource.h">
      <Filter>Header Files</Filter>
    </ClInclude>
    <ClInclude Include="dllmain.h">
      <Filter>Header Files</Filter>
    </ClInclude>
    <ClInclude Include="ContextIcons_i.h">
      <Filter>Generated Files</Filter>
    </ClInclude>
    <ClInclude Include="IconInjector.h">
      <Filter>Header Files</Filter>
    </ClInclude>
  </ItemGroup>
  <ItemGroup>
    <ResourceCompile Include="ContextIcons.rc">
      <Filter>Resource Files</Filter>
    </ResourceCompile>
  </ItemGroup>
  <ItemGroup>
    <Text Include="ReadMe.txt" />
  </ItemGroup>
  <ItemGroup>
    <None Include="ContextIcons.rgs">
      <Filter>Resource Files</Filter>
    </None>
    <None Include="ContextIcons.def">
      <Filter>Source Files</Filter>
    </None>
    <None Include="IconInjector.rgs">
      <Filter>Resource Files</Filter>
    </None>
    <None Include="cpp.hint" />
  </ItemGroup>
  <ItemGroup>
    <Midl Include="ContextIcons.idl">
      <Filter>Source Files</Filter>
    </Midl>
  </ItemGroup>
  <ItemGroup>
    <Image Include="C:\Icon\24\slsk24.ico">
      <Filter>Resource Files</Filter>
    </Image>
    <Image Include="C:\Icon\24\dwm24.ico">
      <Filter>Resource Files</Filter>
    </Image>
    <Image Include="C:\Icon\24\new.bmp">
      <Filter>Resource Files</Filter>
    </Image>
    <Image Include="C:\Icon\24\path.bmp">
      <Filter>Resource Files</Filter>
    </Image>
    <Image Include="C:\Icon\24\copy.bmp">
      <Filter>Resource Files</Filter>
    </Image>
    <Image Include="C:\Icon\24\cut.bmp">
      <Filter>Resource Files</Filter>
    </Image>
    <Image Include="C:\Icon\24\delete.bmp">
      <Filter>Resource Files</Filter>
    </Image>
    <Image Include="C:\Icon\24\paste.bmp">
      <Filter>Resource Files</Filter>
    </Image>
    <Image Include="C:\Icon\24\picklink.bmp">
      <Filter>Resource Files</Filter>
    </Image>
    <Image Include="C:\Icon\24\Properties.bmp">
      <Filter>Resource Files</Filter>
    </Image>
    <Image Include="C:\Icon\24\refresh.bmp">
      <Filter>Resource Files</Filter>
    </Image>
    <Image Include="C:\Icon\24\rename.bmp">
      <Filter>Resource Files</Filter>
    </Image>
    <Image Include="C:\Icon\24\sendto.bmp">
      <Filter>Resource Files</Filter>
    </Image>
    <Image Include="C:\Icon\24\shortcut.bmp">
      <Filter>Resource Files</Filter>
    </Image>
    <Image Include="C:\Icon\24\copy.png">
      <Filter>Resource Files</Filter>
    </Image>
    <Image Include="C:\Icon\24\gpatsewing.png">
      <Filter>Resource Files</Filter>
    </Image>
    <Image Include="C:\Icon\24\shortcut.ico">
      <Filter>Resource Files</Filter>
    </Image>
    <Image Include="C:\Icon\24\paste.ico">
      <Filter>Resource Files</Filter>
    </Image>
    <Image Include="C:\Icon\24\PSHTCT2.ico">
      <Filter>Resource Files</Filter>
    </Image>
    <Image Include="C:\Icon\24\redo.ico">
      <Filter>Resource Files</Filter>
    </Image>
    <Image Include="C:\Icon\24\PST.ico">
      <Filter>Resource Files</Filter>
    </Image>
    <Image Include="C:\Icon\24\PST2.ico">
      <Filter>Resource Files</Filter>
    </Image>
    <Image Include="C:\Icon\24\undo.ico">
      <Filter>Resource Files</Filter>
    </Image>
    <Image Include="C:\Icon\24\VIEW.ico">
      <Filter>Resource Files</Filter>
    </Image>
    <Image Include="C:\Icon\24\srtby.ico">
      <Filter>Resource Files</Filter>
    </Image>
    <Image Include="C:\Icon\24\sndto.ico">
      <Filter>Resource Files</Filter>
    </Image>
    <Image Include="C:\Icon\24\skull10.ico">
      <Filter>Resource Files</Filter>
    </Image>
    <Image Include="C:\Icon\24\J00.ico">
      <Filter>Resource Files</Filter>
    </Image>
    <Image Include="C:\Icon\24\stardavidgopld2.ico">
      <Filter>Resource Files</Filter>
    </Image>
    <Image Include="C:\Icon\24\star_david_gold.ico">
      <Filter>Resource Files</Filter>
    </Image>
    <Image Include="C:\Icon\24\path5522h.ico">
      <Filter>Resource Files</Filter>
    </Image>
    <Image Include="C:\Icon\24\rename_new.ico">
      <Filter>Resource Files</Filter>
    </Image>
    <Image Include="C:\Icon\24\BITMAP60215_1.ico">
      <Filter>Resource Files</Filter>
    </Image>
    <Image Include="C:\Icon\24\Goatse_Wing_24.ico">
      <Filter>Resource Files</Filter>
    </Image>
    <Image Include="C:\Icon\24\YouTube.ico">
      <Filter>Resource Files</Filter>
    </Image>
    <Image Include="C:\Icon\24\sound24.ico">
      <Filter>Resource Files</Filter>
    </Image>
    <Image Include="C:\Icon\24\new.ico">
      <Filter>Resource Files</Filter>
    </Image>
    <Image Include="C:\Icon\24\eye_24.ico">
      <Filter>Resource Files</Filter>
    </Image>
    <Image Include="C:\Icon\24\AF_Icon.ico">
      <Filter>Resource Files</Filter>
    </Image>
    <Image Include="C:\Icon\24\info.ico">
      <Filter>Resource Files</Filter>
    </Image>
    <Image Include="C:\Icon\24\NVIDIA_2.ico">
      <Filter>Resource Files</Filter>
    </Image>
    <Image Include="C:\Icon\24\DNA.ico">
      <Filter>Resource Files</Filter>
    </Image>
    <Image Include="C:\Icon\24\whistler_run_2.ico">
      <Filter>Resource Files</Filter>
    </Image>
    <Image Include="C:\Icon\24\mouse.ico">
      <Filter>Resource Files</Filter>
    </Image>
    <Image Include="C:\Icon\24\cut 24.ico">
      <Filter>Resource Files</Filter>
    </Image>
    <Image Include="C:\Icon\24\hal_24.ico">
      <Filter>Resource Files</Filter>
    </Image>
    <Image Include="C:\Icon\24\Star (5).ico">
      <Filter>Resource Files</Filter>
    </Image>
    <Image Include="C:\Icon\24\star_david_gold.png">
      <Filter>Resource Files</Filter>
    </Image>
    <Image Include="C:\Icon\24\srt_by.bmp">
      <Filter>Resource Files</Filter>
    </Image>
    <Image Include="C:\Icon\24\sortby.bmp">
      <Filter>Resource Files</Filter>
    </Image>
    <Image Include="C:\Icon\24\UNDO.bmp">
      <Filter>Resource Files</Filter>
    </Image>
    <Image Include="C:\Icon\24\view.bmp">
      <Filter>Resource Files</Filter>
    </Image>
    <Image Include="C:\Icon\24\vuu.bmp">
      <Filter>Resource Files</Filter>
    </Image>
    <Image Include="C:\Icon\24\refresh.png">
      <Filter>Resource Files</Filter>
    </Image>
    <Image Include="C:\Icon\24\VIEW_.bmp">
      <Filter>Resource Files</Filter>
    </Image>
    <Image Include="C:\Icon\24\refresh2.bmp">
      <Filter>Resource Files</Filter>
    </Image>
    <Image Include="C:\Icon\24\refresh - Copy.bmp">
      <Filter>Resource Files</Filter>
    </Image>
    <Image Include="C:\Icon\24\info.bmp">
      <Filter>Resource Files</Filter>
    </Image>
    <Image Include="C:\Icon\24\ren.bmp">
      <Filter>Resource Files</Filter>
    </Image>
    <Image Include="C:\Icon\24\explorer.bmp">
      <Filter>Resource Files</Filter>
    </Image>
    <Image Include="C:\Icon\24\skull_BMP.bmp">
      <Filter>Resource Files</Filter>
    </Image>
    <Image Include="C:\Icon\24\Gterminal_3_24.ico">
      <Filter>Resource Files</Filter>
    </Image>
    <Image Include="C:\Icon\24\unndoo3.ico">
      <Filter>Resource Files</Filter>
    </Image>
    <Image Include="C:\Icon\24\reedoo_2.ico">
      <Filter>Resource Files</Filter>
    </Image>
    <Image Include="C:\Icon\24\crossed24_6.ico">
      <Filter>Resource Files</Filter>
    </Image>
    <Image Include="C:\Icon\24\BMP60215.ico">
      <Filter>Resource Files</Filter>
    </Image>
    <Image Include="C:\Icon\24\groupby24.ico">
      <Filter>Resource Files</Filter>
    </Image>
  </ItemGroup>
</Project>